
Microsoft Visual Studio Solution File, Format Version 12.00
# Visual Studio Version 17
VisualStudioVersion = 17.9.34728.123
MinimumVisualStudioVersion = 10.0.40219.1
Project("{FAE04EC0-301F-11D3-BF4B-00C04F79EFBC}") = "SchoolProject.API", "SchoolProject.API\SchoolProject.API.csproj", "{4EF0CA4F-8826-49A8-99DC-A02E60E40BB1}"
EndProject
Project("{FAE04EC0-301F-11D3-BF4B-00C04F79EFBC}") = "SchoolProject.Core", "SchoolProject.Core\SchoolProject.Core.csproj", "{807022E0-CE4D-4ABA-91BD-04149833D893}"
EndProject
Project("{FAE04EC0-301F-11D3-BF4B-00C04F79EFBC}") = "SchoolProject.Data", "SchoolProject.Data\SchoolProject.Data.csproj", "{D6AA14BA-9042-4D3B-874C-E26C5813057E}"
EndProject
Project("{FAE04EC0-301F-11D3-BF4B-00C04F79EFBC}") = "SchoolProject.Infrastructure", "SchoolProject.Infrastructure\SchoolProject.Infrastructure.csproj", "{71FCDF9D-1820-4FAF-869A-7878C383FCA1}"
EndProject
Project("{FAE04EC0-301F-11D3-BF4B-00C04F79EFBC}") = "SchoolProject.Services", "SchoolProject.Services\SchoolProject.Services.csproj", "{3598A88E-8121-41E7-AFC3-3E79FBD0D594}"
EndProject
Global
	GlobalSection(SolutionConfigurationPlatforms) = preSolution
		Debug|Any CPU = Debug|Any CPU
		Release|Any CPU = Release|Any CPU
	EndGlobalSection
	GlobalSection(ProjectConfigurationPlatforms) = postSolution
		{4EF0CA4F-8826-49A8-99DC-A02E60E40BB1}.Debug|Any CPU.ActiveCfg = Debug|Any CPU
		{4EF0CA4F-8826-49A8-99DC-A02E60E40BB1}.Debug|Any CPU.Build.0 = Debug|Any CPU
		{4EF0CA4F-8826-49A8-99DC-A02E60E40BB1}.Release|Any CPU.ActiveCfg = Release|Any CPU
		{4EF0CA4F-8826-49A8-99DC-A02E60E40BB1}.Release|Any CPU.Build.0 = Release|Any CPU
		{807022E0-CE4D-4ABA-91BD-04149833D893}.Debug|Any CPU.ActiveCfg = Debug|Any CPU
		{807022E0-CE4D-4ABA-91BD-04149833D893}.Debug|Any CPU.Build.0 = Debug|Any CPU
		{807022E0-CE4D-4ABA-91BD-04149833D893}.Release|Any CPU.ActiveCfg = Release|Any CPU
		{807022E0-CE4D-4ABA-91BD-04149833D893}.Release|Any CPU.Build.0 = Release|Any CPU
		{D6AA14BA-9042-4D3B-874C-E26C5813057E}.Debug|Any CPU.ActiveCfg = Debug|Any CPU
		{D6AA14BA-9042-4D3B-874C-E26C5813057E}.Debug|Any CPU.Build.0 = Debug|Any CPU
		{D6AA14BA-9042-4D3B-874C-E26C5813057E}.Release|Any CPU.ActiveCfg = Release|Any CPU
		{D6AA14BA-9042-4D3B-874C-E26C5813057E}.Release|Any CPU.Build.0 = Release|Any CPU
		{71FCDF9D-1820-4FAF-869A-7878C383FCA1}.Debug|Any CPU.ActiveCfg = Debug|Any CPU
		{71FCDF9D-1820-4FAF-869A-7878C383FCA1}.Debug|Any CPU.Build.0 = Debug|Any CPU
		{71FCDF9D-1820-4FAF-869A-7878C383FCA1}.Release|Any CPU.ActiveCfg = Release|Any CPU
		{71FCDF9D-1820-4FAF-869A-7878C383FCA1}.Release|Any CPU.Build.0 = Release|Any CPU
		{3598A88E-8121-41E7-AFC3-3E79FBD0D594}.Debug|Any CPU.ActiveCfg = Debug|Any CPU
		{3598A88E-8121-41E7-AFC3-3E79FBD0D594}.Debug|Any CPU.Build.0 = Debug|Any CPU
		{3598A88E-8121-41E7-AFC3-3E79FBD0D594}.Release|Any CPU.ActiveCfg = Release|Any CPU
		{3598A88E-8121-41E7-AFC3-3E79FBD0D594}.Release|Any CPU.Build.0 = Release|Any CPU
	EndGlobalSection
	GlobalSection(SolutionProperties) = preSolution
		HideSolutionNode = FALSE
	EndGlobalSection
	GlobalSection(ExtensibilityGlobals) = postSolution
		SolutionGuid = {E95CC051-7C15-4D7F-A9F7-547856BAB52B}
	EndGlobalSection
EndGlobal
